{
  "name": "shape_search",
  "lockfileVersion": 2,
  "requires": true,
  "packages": {
    "": {
      "dependencies": {
        "js-uuid": "^0.0.6",
        "nanoid": "^4.0.0",
        "uuid": "^8.3.2"
      }
    },
    "node_modules/js-uuid": {
      "version": "0.0.6",
      "resolved": "https://registry.npmjs.org/js-uuid/-/js-uuid-0.0.6.tgz",
      "integrity": "sha512-ciVrR5maEya0YrI6M9/w+L43jB/iI+e+IBcju0xkZODS4NyoAfYAcQIeuCBKQf5Ej981bYs14zTSXCmhZjCy6A=="
    },
    "node_modules/nanoid": {
      "version": "4.0.0",
      "resolved": "https://registry.npmjs.org/nanoid/-/nanoid-4.0.0.tgz",
      "integrity": "sha512-IgBP8piMxe/gf73RTQx7hmnhwz0aaEXYakvqZyE302IXW3HyVNhdNGC+O2MwMAVhLEnvXlvKtGbtJf6wvHihCg==",
      "bin": {
        "nanoid": "bin/nanoid.js"
      },
      "engines": {
        "node": "^14 || ^16 || >=18"
      }
    },
    "node_modules/uuid": {
      "version": "8.3.2",
      "resolved": "https://registry.npmjs.org/uuid/-/uuid-8.3.2.tgz",
      "integrity": "sha512-+NYs2QeMWy+GWFOEm9xnn6HCDp0l7QBD7ml8zLUmJ+93Q5NF0NocErnwkTkXVFNiX3/fpC6afS8Dhb/gz7R7eg==",
      "bin": {
        "uuid": "dist/bin/uuid"
      }
    }
  },
  "dependencies": {
    "js-uuid": {
      "version": "0.0.6",
      "resolved": "https://registry.npmjs.org/js-uuid/-/js-uuid-0.0.6.tgz",
      "integrity": "sha512-ciVrR5maEya0YrI6M9/w+L43jB/iI+e+IBcju0xkZODS4NyoAfYAcQIeuCBKQf5Ej981bYs14zTSXCmhZjCy6A=="
    },
    "nanoid": {
      "version": "4.0.0",
      "resolved": "https://registry.npmjs.org/nanoid/-/nanoid-4.0.0.tgz",
      "integrity": "sha512-IgBP8piMxe/gf73RTQx7hmnhwz0aaEXYakvqZyE302IXW3HyVNhdNGC+O2MwMAVhLEnvXlvKtGbtJf6wvHihCg=="
    },
    "uuid": {
      "version": "8.3.2",
      "resolved": "https://registry.npmjs.org/uuid/-/uuid-8.3.2.tgz",
      "integrity": "sha512-+NYs2QeMWy+GWFOEm9xnn6HCDp0l7QBD7ml8zLUmJ+93Q5NF0NocErnwkTkXVFNiX3/fpC6afS8Dhb/gz7R7eg=="
    }
  }
}
